
Microsoft Visual Studio Solution File, Format Version 12.00
# Visual Studio Version 16
VisualStudioVersion = 16.0.29102.190
MinimumVisualStudioVersion = 10.0.40219.1
Project("{FAE04EC0-301F-11D3-BF4B-00C04F79EFBC}") = "NicoLeputois.DESKTOP-KRNP20L.Wpf", "NicoLeputois.DESKTOP-KRNP20L.Wpf.csproj", "{B7E21F45-205B-41E1-892F-5821A05333F0}"
EndProject
Global
	GlobalSection(SolutionConfigurationPlatforms) = preSolution
		Debug|Any CPU = Debug|Any CPU
		Release|Any CPU = Release|Any CPU
	EndGlobalSection
	GlobalSection(ProjectConfigurationPlatforms) = postSolution
		{B7E21F45-205B-41E1-892F-5821A05333F0}.Debug|Any CPU.ActiveCfg = Debug|Any CPU
		{B7E21F45-205B-41E1-892F-5821A05333F0}.Debug|Any CPU.Build.0 = Debug|Any CPU
		{B7E21F45-205B-41E1-892F-5821A05333F0}.Release|Any CPU.ActiveCfg = Release|Any CPU
		{B7E21F45-205B-41E1-892F-5821A05333F0}.Release|Any CPU.Build.0 = Release|Any CPU
	EndGlobalSection
	GlobalSection(SolutionProperties) = preSolution
		HideSolutionNode = FALSE
	EndGlobalSection
	GlobalSection(ExtensibilityGlobals) = postSolution
		SolutionGuid = {377E3AB0-7BB1-4307-97D0-F44CFFB75FB4}
	EndGlobalSection
EndGlobal
